
Microsoft Visual Studio Solution File, Format Version 12.00
# Visual Studio Version 16
VisualStudioVersion = 16.0.31613.86
MinimumVisualStudioVersion = 10.0.40219.1
Project("{FAE04EC0-301F-11D3-BF4B-00C04F79EFBC}") = "ArrayListDemo", "ArrayListDemo.csproj", "{C14E90A3-4FF8-4A79-89E8-33476F12C64B}"
EndProject
Global
	GlobalSection(SolutionConfigurationPlatforms) = preSolution
		Debug|Any CPU = Debug|Any CPU
		Release|Any CPU = Release|Any CPU
	EndGlobalSection
	GlobalSection(ProjectConfigurationPlatforms) = postSolution
		{C14E90A3-4FF8-4A79-89E8-33476F12C64B}.Debug|Any CPU.ActiveCfg = Debug|Any CPU
		{C14E90A3-4FF8-4A79-89E8-33476F12C64B}.Debug|Any CPU.Build.0 = Debug|Any CPU
		{C14E90A3-4FF8-4A79-89E8-33476F12C64B}.Release|Any CPU.ActiveCfg = Release|Any CPU
		{C14E90A3-4FF8-4A79-89E8-33476F12C64B}.Release|Any CPU.Build.0 = Release|Any CPU
	EndGlobalSection
	GlobalSection(SolutionProperties) = preSolution
		HideSolutionNode = FALSE
	EndGlobalSection
	GlobalSection(ExtensibilityGlobals) = postSolution
		SolutionGuid = {4521E956-270C-4FC9-B4AE-2596D33D5071}
	EndGlobalSection
EndGlobal
